
Microsoft Visual Studio Solution File, Format Version 12.00
# Visual Studio Version 16
VisualStudioVersion = 16.0.808.0
MinimumVisualStudioVersion = 10.0.40219.1
Project("{FAE04EC0-301F-11D3-BF4B-00C04F79EFBC}") = "farm", "farm\farm.csproj", "{5711076D-8749-4A16-8A29-E794633C2FAE}"
EndProject
Global
	GlobalSection(SolutionConfigurationPlatforms) = preSolution
		Debug|Any CPU = Debug|Any CPU
		Release|Any CPU = Release|Any CPU
	EndGlobalSection
	GlobalSection(ProjectConfigurationPlatforms) = postSolution
		{5711076D-8749-4A16-8A29-E794633C2FAE}.Debug|Any CPU.ActiveCfg = Debug|Any CPU
		{5711076D-8749-4A16-8A29-E794633C2FAE}.Debug|Any CPU.Build.0 = Debug|Any CPU
		{5711076D-8749-4A16-8A29-E794633C2FAE}.Release|Any CPU.ActiveCfg = Release|Any CPU
		{5711076D-8749-4A16-8A29-E794633C2FAE}.Release|Any CPU.Build.0 = Release|Any CPU
	EndGlobalSection
	GlobalSection(SolutionProperties) = preSolution
		HideSolutionNode = FALSE
	EndGlobalSection
	GlobalSection(ExtensibilityGlobals) = postSolution
		SolutionGuid = {AA80822F-87D7-408C-B264-B3440037F43B}
	EndGlobalSection
EndGlobal
